
Microsoft Visual Studio Solution File, Format Version 10.00
# Visual Studio 2008
Project("{FAE04EC0-301F-11D3-BF4B-00C04F79EFBC}") = "PlotComPlus", "PlotComPlus\PlotComPlus.csproj", "{47D477E2-9651-47FE-9DF1-8686F6B48D50}"
EndProject
Project("{FAE04EC0-301F-11D3-BF4B-00C04F79EFBC}") = "PlotComPlus.Tests", "PlotComPlus.Tests\PlotComPlus.Tests.csproj", "{5DCE9F3F-9E00-410D-878B-6C61212A97DF}"
EndProject
Global
	GlobalSection(SolutionConfigurationPlatforms) = preSolution
		Debug|Any CPU = Debug|Any CPU
		Release|Any CPU = Release|Any CPU
	EndGlobalSection
	GlobalSection(ProjectConfigurationPlatforms) = postSolution
		{47D477E2-9651-47FE-9DF1-8686F6B48D50}.Debug|Any CPU.ActiveCfg = Debug|Any CPU
		{47D477E2-9651-47FE-9DF1-8686F6B48D50}.Debug|Any CPU.Build.0 = Debug|Any CPU
		{47D477E2-9651-47FE-9DF1-8686F6B48D50}.Release|Any CPU.ActiveCfg = Release|Any CPU
		{47D477E2-9651-47FE-9DF1-8686F6B48D50}.Release|Any CPU.Build.0 = Release|Any CPU
		{5DCE9F3F-9E00-410D-878B-6C61212A97DF}.Debug|Any CPU.ActiveCfg = Debug|Any CPU
		{5DCE9F3F-9E00-410D-878B-6C61212A97DF}.Debug|Any CPU.Build.0 = Debug|Any CPU
		{5DCE9F3F-9E00-410D-878B-6C61212A97DF}.Release|Any CPU.ActiveCfg = Release|Any CPU
		{5DCE9F3F-9E00-410D-878B-6C61212A97DF}.Release|Any CPU.Build.0 = Release|Any CPU
	EndGlobalSection
	GlobalSection(SolutionProperties) = preSolution
		HideSolutionNode = FALSE
	EndGlobalSection
EndGlobal
